# This file is autogenerated, do not edit; changes may be undone by the next 'dep ensure'.


[[projects]]
  digest = "1:d37b5cbae31a6d3685931cdb7d355e650a5dcb265dc340b57b6f17158234bd38"
  name = "github.com/aws/aws-lambda-go"
  packages = [
    "events",
    "lambda",
    "lambda/handlertrace",
    "lambda/messages",
    "lambdacontext",
  ]
  pruneopts = ""
  revision = "b5b7267d297de263cc5b61f8c37543daa9c95ffd"
  version = "v1.13.3"

[[projects]]
  digest = "1:285d38de55adb8f85047d0313db81a53fbb4337ffcf95f94085f0573b9e368da"
  name = "github.com/fnproject/fdk-go"
  packages = ["."]
  pruneopts = ""
  revision = "e0af12e7b04464874b1b44b7b765d0054ded019f"
  version = "v0.0.1"

[[projects]]
  branch = "master"
  digest = "1:4e79ea4e5539b1281596e988bd1121b1b0ebf2639196627ac55912e4490f38e9"
  name = "github.com/tencentyun/scf-go-lib"
  packages = [
    "cloudfunction",
    "cloudfunction/messages",
    "functioncontext",
  ]
  pruneopts = ""
  revision = "9a6ea1bf75b89a0cd917a1e846bacf40fc06ca56"

[solve-meta]
  analyzer-name = "dep"
  analyzer-version = 1
  input-imports = [
    "github.com/aws/aws-lambda-go/events",
    "github.com/aws/aws-lambda-go/lambda",
    "github.com/fnproject/fdk-go",
    "github.com/tencentyun/scf-go-lib/cloudfunction",
  ]
  solver-name = "gps-cdcl"
  solver-version = 1
